
Microsoft Visual Studio Solution File, Format Version 11.00
# Visual Studio 2010
Project("{8BC9CEB8-8B4A-11D0-8D11-00A0C91BC942}") = "AnUnnamedGame", "AnUnnamedGame.vcxproj", "{EC8ED62D-847E-497C-AE66-FF3B46CF7763}"
EndProject
Global
	GlobalSection(SolutionConfigurationPlatforms) = preSolution
		Debug|Win32 = Debug|Win32
		Release|Win32 = Release|Win32
	EndGlobalSection
	GlobalSection(ProjectConfigurationPlatforms) = postSolution
		{EC8ED62D-847E-497C-AE66-FF3B46CF7763}.Debug|Win32.ActiveCfg = Debug|Win32
		{EC8ED62D-847E-497C-AE66-FF3B46CF7763}.Debug|Win32.Build.0 = Debug|Win32
		{EC8ED62D-847E-497C-AE66-FF3B46CF7763}.Release|Win32.ActiveCfg = Release|Win32
		{EC8ED62D-847E-497C-AE66-FF3B46CF7763}.Release|Win32.Build.0 = Release|Win32
	EndGlobalSection
	GlobalSection(SolutionProperties) = preSolution
		HideSolutionNode = FALSE
	EndGlobalSection
EndGlobal
